
Microsoft Visual Studio Solution File, Format Version 12.00
# Visual Studio Version 17
VisualStudioVersion = 17.2.32602.215
MinimumVisualStudioVersion = 10.0.40219.1
Project("{9A19103F-16F7-4668-BE54-9A1E7A4F7556}") = "ConsoleApp", "ConsoleApp\ConsoleApp.csproj", "{64F496A4-A2BB-4C9C-97D2-4F4C5A349FEF}"
EndProject
Project("{2150E333-8FDC-42A3-9474-1A3956D46DE8}") = "Tests", "Tests", "{AAF162DB-1F64-41E2-9819-E22F5F713DD2}"
EndProject
Project("{FAE04EC0-301F-11D3-BF4B-00C04F79EFBC}") = "ConsoleApp.MSTest", "ConsoleApp.MSTest\ConsoleApp.MSTest.csproj", "{0DBBB7EF-FEFC-4987-8C40-70056EC6D25D}"
EndProject
Project("{FAE04EC0-301F-11D3-BF4B-00C04F79EFBC}") = "ConsoleApp.NUnitTest", "ConsoleApp.NUnitTest\ConsoleApp.NUnitTest.csproj", "{1B755835-6E8B-42E1-8FE4-6EC5CA9450E1}"
EndProject
Project("{FAE04EC0-301F-11D3-BF4B-00C04F79EFBC}") = "ConsoleApp.xUnitTest", "ConsoleApp.xUnitTest\ConsoleApp.xUnitTest.csproj", "{70F2657B-F741-4808-ADBE-9086C466F4EC}"
EndProject
Project("{FAE04EC0-301F-11D3-BF4B-00C04F79EFBC}") = "WebAPI", "WebAPI\WebAPI.csproj", "{81410AAB-6A5F-4A87-BBA3-34CE48B51A6D}"
EndProject
Project("{FAE04EC0-301F-11D3-BF4B-00C04F79EFBC}") = "WebAPI.Test.Unit", "WebAPI.Test.Unit\WebAPI.Test.Unit.csproj", "{DEB077BA-E3FB-4D1B-9801-CD52A0BC6507}"
EndProject
Project("{FAE04EC0-301F-11D3-BF4B-00C04F79EFBC}") = "Models", "Models\Models.csproj", "{B29E0C0E-57C1-4D88-8D9A-DB75D869AFF7}"
EndProject
Project("{FAE04EC0-301F-11D3-BF4B-00C04F79EFBC}") = "Services.Interfaces", "Services.Interfaces\Services.Interfaces.csproj", "{B3DF7022-DBA2-4517-91B2-94EECD7A1969}"
EndProject
Project("{FAE04EC0-301F-11D3-BF4B-00C04F79EFBC}") = "TransferBank", "TransferBank\TransferBank.csproj", "{6FE0B859-6E5E-46DD-A2F3-9C16C65074C0}"
EndProject
Global
	GlobalSection(SolutionConfigurationPlatforms) = preSolution
		Debug|Any CPU = Debug|Any CPU
		Release|Any CPU = Release|Any CPU
	EndGlobalSection
	GlobalSection(ProjectConfigurationPlatforms) = postSolution
		{64F496A4-A2BB-4C9C-97D2-4F4C5A349FEF}.Debug|Any CPU.ActiveCfg = Debug|Any CPU
		{64F496A4-A2BB-4C9C-97D2-4F4C5A349FEF}.Debug|Any CPU.Build.0 = Debug|Any CPU
		{64F496A4-A2BB-4C9C-97D2-4F4C5A349FEF}.Release|Any CPU.ActiveCfg = Release|Any CPU
		{64F496A4-A2BB-4C9C-97D2-4F4C5A349FEF}.Release|Any CPU.Build.0 = Release|Any CPU
		{0DBBB7EF-FEFC-4987-8C40-70056EC6D25D}.Debug|Any CPU.ActiveCfg = Debug|Any CPU
		{0DBBB7EF-FEFC-4987-8C40-70056EC6D25D}.Debug|Any CPU.Build.0 = Debug|Any CPU
		{0DBBB7EF-FEFC-4987-8C40-70056EC6D25D}.Release|Any CPU.ActiveCfg = Release|Any CPU
		{0DBBB7EF-FEFC-4987-8C40-70056EC6D25D}.Release|Any CPU.Build.0 = Release|Any CPU
		{1B755835-6E8B-42E1-8FE4-6EC5CA9450E1}.Debug|Any CPU.ActiveCfg = Debug|Any CPU
		{1B755835-6E8B-42E1-8FE4-6EC5CA9450E1}.Debug|Any CPU.Build.0 = Debug|Any CPU
		{1B755835-6E8B-42E1-8FE4-6EC5CA9450E1}.Release|Any CPU.ActiveCfg = Release|Any CPU
		{1B755835-6E8B-42E1-8FE4-6EC5CA9450E1}.Release|Any CPU.Build.0 = Release|Any CPU
		{70F2657B-F741-4808-ADBE-9086C466F4EC}.Debug|Any CPU.ActiveCfg = Debug|Any CPU
		{70F2657B-F741-4808-ADBE-9086C466F4EC}.Debug|Any CPU.Build.0 = Debug|Any CPU
		{70F2657B-F741-4808-ADBE-9086C466F4EC}.Release|Any CPU.ActiveCfg = Release|Any CPU
		{70F2657B-F741-4808-ADBE-9086C466F4EC}.Release|Any CPU.Build.0 = Release|Any CPU
		{81410AAB-6A5F-4A87-BBA3-34CE48B51A6D}.Debug|Any CPU.ActiveCfg = Debug|Any CPU
		{81410AAB-6A5F-4A87-BBA3-34CE48B51A6D}.Debug|Any CPU.Build.0 = Debug|Any CPU
		{81410AAB-6A5F-4A87-BBA3-34CE48B51A6D}.Release|Any CPU.ActiveCfg = Release|Any CPU
		{81410AAB-6A5F-4A87-BBA3-34CE48B51A6D}.Release|Any CPU.Build.0 = Release|Any CPU
		{DEB077BA-E3FB-4D1B-9801-CD52A0BC6507}.Debug|Any CPU.ActiveCfg = Debug|Any CPU
		{DEB077BA-E3FB-4D1B-9801-CD52A0BC6507}.Debug|Any CPU.Build.0 = Debug|Any CPU
		{DEB077BA-E3FB-4D1B-9801-CD52A0BC6507}.Release|Any CPU.ActiveCfg = Release|Any CPU
		{DEB077BA-E3FB-4D1B-9801-CD52A0BC6507}.Release|Any CPU.Build.0 = Release|Any CPU
		{B29E0C0E-57C1-4D88-8D9A-DB75D869AFF7}.Debug|Any CPU.ActiveCfg = Debug|Any CPU
		{B29E0C0E-57C1-4D88-8D9A-DB75D869AFF7}.Debug|Any CPU.Build.0 = Debug|Any CPU
		{B29E0C0E-57C1-4D88-8D9A-DB75D869AFF7}.Release|Any CPU.ActiveCfg = Release|Any CPU
		{B29E0C0E-57C1-4D88-8D9A-DB75D869AFF7}.Release|Any CPU.Build.0 = Release|Any CPU
		{B3DF7022-DBA2-4517-91B2-94EECD7A1969}.Debug|Any CPU.ActiveCfg = Debug|Any CPU
		{B3DF7022-DBA2-4517-91B2-94EECD7A1969}.Debug|Any CPU.Build.0 = Debug|Any CPU
		{B3DF7022-DBA2-4517-91B2-94EECD7A1969}.Release|Any CPU.ActiveCfg = Release|Any CPU
		{B3DF7022-DBA2-4517-91B2-94EECD7A1969}.Release|Any CPU.Build.0 = Release|Any CPU
		{6FE0B859-6E5E-46DD-A2F3-9C16C65074C0}.Debug|Any CPU.ActiveCfg = Debug|Any CPU
		{6FE0B859-6E5E-46DD-A2F3-9C16C65074C0}.Debug|Any CPU.Build.0 = Debug|Any CPU
		{6FE0B859-6E5E-46DD-A2F3-9C16C65074C0}.Release|Any CPU.ActiveCfg = Release|Any CPU
		{6FE0B859-6E5E-46DD-A2F3-9C16C65074C0}.Release|Any CPU.Build.0 = Release|Any CPU
	EndGlobalSection
	GlobalSection(SolutionProperties) = preSolution
		HideSolutionNode = FALSE
	EndGlobalSection
	GlobalSection(NestedProjects) = preSolution
		{0DBBB7EF-FEFC-4987-8C40-70056EC6D25D} = {AAF162DB-1F64-41E2-9819-E22F5F713DD2}
		{1B755835-6E8B-42E1-8FE4-6EC5CA9450E1} = {AAF162DB-1F64-41E2-9819-E22F5F713DD2}
		{70F2657B-F741-4808-ADBE-9086C466F4EC} = {AAF162DB-1F64-41E2-9819-E22F5F713DD2}
		{DEB077BA-E3FB-4D1B-9801-CD52A0BC6507} = {AAF162DB-1F64-41E2-9819-E22F5F713DD2}
	EndGlobalSection
	GlobalSection(ExtensibilityGlobals) = postSolution
		SolutionGuid = {984E484D-3300-4786-B9B8-B8CF958ED007}
	EndGlobalSection
EndGlobal
